// !$*UTF8*$!
{
	archiveVersion = 1;
	classes = {
	};
	objectVersion = 50;
	objects = {

/* Begin PBXBuildFile section */
		BAB51531242F1237009EF878 /* AppDelegate.swift in Sources */ = {isa = PBXBuildFile; fileRef = BAB51530242F1237009EF878 /* AppDelegate.swift */; };
		BAB51533242F1237009EF878 /* SceneDelegate.swift in Sources */ = {isa = PBXBuildFile; fileRef = BAB51532242F1237009EF878 /* SceneDelegate.swift */; };
		BAB51535242F1237009EF878 /* ViewController.swift in Sources */ = {isa = PBXBuildFile; fileRef = BAB51534242F1237009EF878 /* ViewController.swift */; };
		BAB51538242F1237009EF878 /* Main.storyboard in Resources */ = {isa = PBXBuildFile; fileRef = BAB51536242F1237009EF878 /* Main.storyboard */; };
		BAB5153A242F1238009EF878 /* Assets.xcassets in Resources */ = {isa = PBXBuildFile; fileRef = BAB51539242F1238009EF878 /* Assets.xcassets */; };
		BAB5153D242F1238009EF878 /* LaunchScreen.storyboard in Resources */ = {isa = PBXBuildFile; fileRef = BAB5153B242F1238009EF878 /* LaunchScreen.storyboard */; };
		BAB51545242F1989009EF878 /* NewCollectionViewCell.swift in Sources */ = {isa = PBXBuildFile; fileRef = BAB51544242F1989009EF878 /* NewCollectionViewCell.swift */; };
		BAB51547242F2EAA009EF878 /* MyViewController.swift in Sources */ = {isa = PBXBuildFile; fileRef = BAB51546242F2EAA009EF878 /* MyViewController.swift */; };
/* End PBXBuildFile section */

/* Begin PBXFileReference section */
		BAB5152D242F1237009EF878 /* HelloCollectionView.app */ = {isa = PBXFileReference; explicitFileType = wrapper.application; includeInIndex = 0; path = HelloCollectionView.app; sourceTree = BUILT_PRODUCTS_DIR; };
		BAB51530242F1237009EF878 /* AppDelegate.swift */ = {isa = PBXFileReference; lastKnownFileType = sourcecode.swift; path = AppDelegate.swift; sourceTree = "<group>"; };
		BAB51532242F1237009EF878 /* SceneDelegate.swift */ = {isa = PBXFileReference; lastKnownFileType = sourcecode.swift; path = SceneDelegate.swift; sourceTree = "<group>"; };
		BAB51534242F1237009EF878 /* ViewController.swift */ = {isa = PBXFileReference; lastKnownFileType = sourcecode.swift; path = ViewController.swift; sourceTree = "<group>"; };
		BAB51537242F1237009EF878 /* Base */ = {isa = PBXFileReference; lastKnownFileType = file.storyboard; name = Base; path = Base.lproj/Main.storyboard; sourceTree = "<group>"; };
		BAB51539242F1238009EF878 /* Assets.xcassets */ = {isa = PBXFileReference; lastKnownFileType = folder.assetcatalog; path = Assets.xcassets; sourceTree = "<group>"; };
		BAB5153C242F1238009EF878 /* Base */ = {isa = PBXFileReference; lastKnownFileType = file.storyboard; name = Base; path = Base.lproj/LaunchScreen.storyboard; sourceTree = "<group>"; };
		BAB5153E242F1238009EF878 /* Info.plist */ = {isa = PBXFileReference; lastKnownFileType = text.plist.xml; path = Info.plist; sourceTree = "<group>"; };
		BAB51544242F1989009EF878 /* NewCollectionViewCell.swift */ = {isa = PBXFileReference; lastKnownFileType = sourcecode.swift; path = NewCollectionViewCell.swift; sourceTree = "<group>"; };
		BAB51546242F2EAA009EF878 /* MyViewController.swift */ = {isa = PBXFileReference; lastKnownFileType = sourcecode.swift; path = MyViewController.swift; sourceTree = "<group>"; };
/* End PBXFileReference section */

/* Begin PBXFrameworksBuildPhase section */
		BAB5152A242F1237009EF878 /* Frameworks */ = {
			isa = PBXFrameworksBuildPhase;
			buildActionMask = 2147483647;
			files = (
			);
			runOnlyForDeploymentPostprocessing = 0;
		};
/* End PBXFrameworksBuildPhase section */

/* Begin PBXGroup section */
		BAB51524242F1237009EF878 = {
			isa = PBXGroup;
			children = (
				BAB5152F242F1237009EF878 /* HelloCollectionView */,
				BAB5152E242F1237009EF878 /* Products */,
			);
			sourceTree = "<group>";
		};
		BAB5152E242F1237009EF878 /* Products */ = {
			isa = PBXGroup;
			children = (
				BAB5152D242F1237009EF878 /* HelloCollectionView.app */,
			);
			name = Products;
			sourceTree = "<group>";
		};
		BAB5152F242F1237009EF878 /* HelloCollectionView */ = {
			isa = PBXGroup;
			children = (
				BAB51530242F1237009EF878 /* AppDelegate.swift */,
				BAB51532242F1237009EF878 /* SceneDelegate.swift */,
				BAB51534242F1237009EF878 /* ViewController.swift */,
				BAB51536242F1237009EF878 /* Main.storyboard */,
				BAB51539242F1238009EF878 /* Assets.xcassets */,
				BAB5153B242F1238009EF878 /* LaunchScreen.storyboard */,
				BAB5153E242F1238009EF878 /* Info.plist */,
				BAB51544242F1989009EF878 /* NewCollectionViewCell.swift */,
				BAB51546242F2EAA009EF878 /* MyViewController.swift */,
			);
			path = HelloCollectionView;
			sourceTree = "<group>";
		};
/* End PBXGroup section */

/* Begin PBXNativeTarget section */
		BAB5152C242F1237009EF878 /* HelloCollectionView */ = {
			isa = PBXNativeTarget;
			buildConfigurationList = BAB51541242F1238009EF878 /* Build configuration list for PBXNativeTarget "HelloCollectionView" */;
			buildPhases = (
				BAB51529242F1237009EF878 /* Sources */,
				BAB5152A242F1237009EF878 /* Frameworks */,
				BAB5152B242F1237009EF878 /* Resources */,
			);
			buildRules = (
			);
			dependencies = (
			);
			name = HelloCollectionView;
			productName = HelloCollectionView;
			productReference = BAB5152D242F1237009EF878 /* HelloCollectionView.app */;
			productType = "com.apple.product-type.application";
		};
/* End PBXNativeTarget section */

/* Begin PBXProject section */
		BAB51525242F1237009EF878 /* Project object */ = {
			isa = PBXProject;
			attributes = {
				LastSwiftUpdateCheck = 1130;
				LastUpgradeCheck = 1130;
				ORGANIZATIONNAME = "申潤五";
				TargetAttributes = {
					BAB5152C242F1237009EF878 = {
						CreatedOnToolsVersion = 11.3.1;
					};
				};
			};
			buildConfigurationList = BAB51528242F1237009EF878 /* Build configuration list for PBXProject "HelloCollectionView" */;
			compatibilityVersion = "Xcode 9.3";
			developmentRegion = en;
			hasScannedForEncodings = 0;
			knownRegions = (
				en,
				Base,
			);
			mainGroup = BAB51524242F1237009EF878;
			productRefGroup = BAB5152E242F1237009EF878 /* Products */;
			projectDirPath = "";
			projectRoot = "";
			targets = (
				BAB5152C242F1237009EF878 /* HelloCollectionView */,
			);
		};
/* End PBXProject section */

/* Begin PBXResourcesBuildPhase section */
		BAB5152B242F1237009EF878 /* Resources */ = {
			isa = PBXResourcesBuildPhase;
			buildActionMask = 2147483647;
			files = (
				BAB5153D242F1238009EF878 /* LaunchScreen.storyboard in Resources */,
				BAB5153A242F1238009EF878 /* Assets.xcassets in Resources */,
				BAB51538242F1237009EF878 /* Main.storyboard in Resources */,
			);
			runOnlyForDeploymentPostprocessing = 0;
		};
/* End PBXResourcesBuildPhase section */

/* Begin PBXSourcesBuildPhase section */
		BAB51529242F1237009EF878 /* Sources */ = {
			isa = PBXSourcesBuildPhase;
			buildActionMask = 2147483647;
			files = (
				BAB51535242F1237009EF878 /* ViewController.swift in Sources */,
				BAB51531242F1237009EF878 /* AppDelegate.swift in Sources */,
				BAB51533242F1237009EF878 /* SceneDelegate.swift in Sources */,
				BAB51547242F2EAA009EF878 /* MyViewController.swift in Sources */,
				BAB51545242F1989009EF878 /* NewCollectionViewCell.swift in Sources */,
			);
			runOnlyForDeploymentPostprocessing = 0;
		};
/* End PBXSourcesBuildPhase section */

/* Begin PBXVariantGroup section */
		BAB51536242F1237009EF878 /* Main.storyboard */ = {
			isa = PBXVariantGroup;
			children = (
				BAB51537242F1237009EF878 /* Base */,
			);
			name = Main.storyboard;
			sourceTree = "<group>";
		};
		BAB5153B242F1238009EF878 /* LaunchScreen.storyboard */ = {
			isa = PBXVariantGroup;
			children = (
				BAB5153C242F1238009EF878 /* Base */,
			);
			name = LaunchScreen.storyboard;
			sourceTree = "<group>";
		};
/* End PBXVariantGroup section */

/* Begin XCBuildConfiguration section */
		BAB5153F242F1238009EF878 /* Debug */ = {
			isa = XCBuildConfiguration;
			buildSettings = {
				ALWAYS_SEARCH_USER_PATHS = NO;
				CLANG_ANALYZER_NONNULL = YES;
				CLANG_ANALYZER_NUMBER_OBJECT_CONVERSION = YES_AGGRESSIVE;
				CLANG_CXX_LANGUAGE_STANDARD = "gnu++14";
				CLANG_CXX_LIBRARY = "libc++";
				CLANG_ENABLE_MODULES = YES;
				CLANG_ENABLE_OBJC_ARC = YES;
				CLANG_ENABLE_OBJC_WEAK = YES;
				CLANG_WARN_BLOCK_CAPTURE_AUTORELEASING = YES;
				CLANG_WARN_BOOL_CONVERSION = YES;
				CLANG_WARN_COMMA = YES;
				CLANG_WARN_CONSTANT_CONVERSION = YES;
				CLANG_WARN_DEPRECATED_OBJC_IMPLEMENTATIONS = YES;
				CLANG_WARN_DIRECT_OBJC_ISA_USAGE = YES_ERROR;
				CLANG_WARN_DOCUMENTATION_COMMENTS = YES;
				CLANG_WARN_EMPTY_BODY = YES;
				CLANG_WARN_ENUM_CONVERSION = YES;
				CLANG_WARN_INFINITE_RECURSION = YES;
				CLANG_WARN_INT_CONVERSION = YES;
				CLANG_WARN_NON_LITERAL_NULL_CONVERSION = YES;
				CLANG_WARN_OBJC_IMPLICIT_RETAIN_SELF = YES;
				CLANG_WARN_OBJC_LITERAL_CONVERSION = YES;
				CLANG_WARN_OBJC_ROOT_CLASS = YES_ERROR;
				CLANG_WARN_RANGE_LOOP_ANALYSIS = YES;
				CLANG_WARN_STRICT_PROTOTYPES = YES;
				CLANG_WARN_SUSPICIOUS_MOVE = YES;
				CLANG_WARN_UNGUARDED_AVAILABILITY = YES_AGGRESSIVE;
				CLANG_WARN_UNREACHABLE_CODE = YES;
				CLANG_WARN__DUPLICATE_METHOD_MATCH = YES;
				COPY_PHASE_STRIP = NO;
				DEBUG_INFORMATION_FORMAT = dwarf;
				ENABLE_STRICT_OBJC_MSGSEND = YES;
				ENABLE_TESTABILITY = YES;
				GCC_C_LANGUAGE_STANDARD = gnu11;
				GCC_DYNAMIC_NO_PIC = NO;
				GCC_NO_COMMON_BLOCKS = YES;
				GCC_OPTIMIZATION_LEVEL = 0;
				GCC_PREPROCESSOR_DEFINITIONS = (
					"DEBUG=1",
					"$(inherited)",
				);
				GCC_WARN_64_TO_32_BIT_CONVERSION = YES;
				GCC_WARN_ABOUT_RETURN_TYPE = YES_ERROR;
				GCC_WARN_UNDECLARED_SELECTOR = YES;
				GCC_WARN_UNINITIALIZED_AUTOS = YES_AGGRESSIVE;
				GCC_WARN_UNUSED_FUNCTION = YES;
				GCC_WARN_UNUSED_VARIABLE = YES;
				IPHONEOS_DEPLOYMENT_TARGET = 13.2;
				MTL_ENABLE_DEBUG_INFO = INCLUDE_SOURCE;
				MTL_FAST_MATH = YES;
				ONLY_ACTIVE_ARCH = YES;
				SDKROOT = iphoneos;
				SWIFT_ACTIVE_COMPILATION_CONDITIONS = DEBUG;
				SWIFT_OPTIMIZATION_LEVEL = "-Onone";
			};
			name = Debug;
		};
		BAB51540242F1238009EF878 /* Release */ = {
			isa = XCBuildConfiguration;
			buildSettings = {
				ALWAYS_SEARCH_USER_PATHS = NO;
				CLANG_ANALYZER_NONNULL = YES;
				CLANG_ANALYZER_NUMBER_OBJECT_CONVERSION = YES_AGGRESSIVE;
				CLANG_CXX_LANGUAGE_STANDARD = "gnu++14";
				CLANG_CXX_LIBRARY = "libc++";
				CLANG_ENABLE_MODULES = YES;
				CLANG_ENABLE_OBJC_ARC = YES;
				CLANG_ENABLE_OBJC_WEAK = YES;
				CLANG_WARN_BLOCK_CAPTURE_AUTORELEASING = YES;
				CLANG_WARN_BOOL_CONVERSION = YES;
				CLANG_WARN_COMMA = YES;
				CLANG_WARN_CONSTANT_CONVERSION = YES;
				CLANG_WARN_DEPRECATED_OBJC_IMPLEMENTATIONS = YES;
				CLANG_WARN_DIRECT_OBJC_ISA_USAGE = YES_ERROR;
				CLANG_WARN_DOCUMENTATION_COMMENTS = YES;
				CLANG_WARN_EMPTY_BODY = YES;
				CLANG_WARN_ENUM_CONVERSION = YES;
				CLANG_WARN_INFINITE_RECURSION = YES;
				CLANG_WARN_INT_CONVERSION = YES;
				CLANG_WARN_NON_LITERAL_NULL_CONVERSION = YES;
				CLANG_WARN_OBJC_IMPLICIT_RETAIN_SELF = YES;
				CLANG_WARN_OBJC_LITERAL_CONVERSION = YES;
				CLANG_WARN_OBJC_ROOT_CLASS = YES_ERROR;
				CLANG_WARN_RANGE_LOOP_ANALYSIS = YES;
				CLANG_WARN_STRICT_PROTOTYPES = YES;
				CLANG_WARN_SUSPICIOUS_MOVE = YES;
				CLANG_WARN_UNGUARDED_AVAILABILITY = YES_AGGRESSIVE;
				CLANG_WARN_UNREACHABLE_CODE = YES;
				CLANG_WARN__DUPLICATE_METHOD_MATCH = YES;
				COPY_PHASE_STRIP = NO;
				DEBUG_INFORMATION_FORMAT = "dwarf-with-dsym";
				ENABLE_NS_ASSERTIONS = NO;
				ENABLE_STRICT_OBJC_MSGSEND = YES;
				GCC_C_LANGUAGE_STANDARD = gnu11;
				GCC_NO_COMMON_BLOCKS = YES;
				GCC_WARN_64_TO_32_BIT_CONVERSION = YES;
				GCC_WARN_ABOUT_RETURN_TYPE = YES_ERROR;
				GCC_WARN_UNDECLARED_SELECTOR = YES;
				GCC_WARN_UNINITIALIZED_AUTOS = YES_AGGRESSIVE;
				GCC_WARN_UNUSED_FUNCTION = YES;
				GCC_WARN_UNUSED_VARIABLE = YES;
				IPHONEOS_DEPLOYMENT_TARGET = 13.2;
				MTL_ENABLE_DEBUG_INFO = NO;
				MTL_FAST_MATH = YES;
				SDKROOT = iphoneos;
				SWIFT_COMPILATION_MODE = wholemodule;
				SWIFT_OPTIMIZATION_LEVEL = "-O";
				VALIDATE_PRODUCT = YES;
			};
			name = Release;
		};
		BAB51542242F1238009EF878 /* Debug */ = {
			isa = XCBuildConfiguration;
			buildSettings = {
				ASSETCATALOG_COMPILER_APPICON_NAME = AppIcon;
				CODE_SIGN_STYLE = Automatic;
				DEVELOPMENT_TEAM = XSVW22JPST;
				INFOPLIST_FILE = HelloCollectionView/Info.plist;
				LD_RUNPATH_SEARCH_PATHS = (
					"$(inherited)",
					"@executable_path/Frameworks",
				);
				PRODUCT_BUNDLE_IDENTIFIER = idev.sjw.HelloCollectionView;
				PRODUCT_NAME = "$(TARGET_NAME)";
				SWIFT_VERSION = 5.0;
				TARGETED_DEVICE_FAMILY = "1,2";
			};
			name = Debug;
		};
		BAB51543242F1238009EF878 /* Release */ = {
			isa = XCBuildConfiguration;
			buildSettings = {
				ASSETCATALOG_COMPILER_APPICON_NAME = AppIcon;
				CODE_SIGN_STYLE = Automatic;
				DEVELOPMENT_TEAM = XSVW22JPST;
				INFOPLIST_FILE = HelloCollectionView/Info.plist;
				LD_RUNPATH_SEARCH_PATHS = (
					"$(inherited)",
					"@executable_path/Frameworks",
				);
				PRODUCT_BUNDLE_IDENTIFIER = idev.sjw.HelloCollectionView;
				PRODUCT_NAME = "$(TARGET_NAME)";
				SWIFT_VERSION = 5.0;
				TARGETED_DEVICE_FAMILY = "1,2";
			};
			name = Release;
		};
/* End XCBuildConfiguration section */

/* Begin XCConfigurationList section */
		BAB51528242F1237009EF878 /* Build configuration list for PBXProject "HelloCollectionView" */ = {
			isa = XCConfigurationList;
			buildConfigurations = (
				BAB5153F242F1238009EF878 /* Debug */,
				BAB51540242F1238009EF878 /* Release */,
			);
			defaultConfigurationIsVisible = 0;
			defaultConfigurationName = Release;
		};
		BAB51541242F1238009EF878 /* Build configuration list for PBXNativeTarget "HelloCollectionView" */ = {
			isa = XCConfigurationList;
			buildConfigurations = (
				BAB51542242F1238009EF878 /* Debug */,
				BAB51543242F1238009EF878 /* Release */,
			);
			defaultConfigurationIsVisible = 0;
			defaultConfigurationName = Release;
		};
/* End XCConfigurationList section */
	};
	rootObject = BAB51525242F1237009EF878 /* Project object */;
}
